
Microsoft Visual Studio Solution File, Format Version 12.00
# Visual Studio 15
VisualStudioVersion = 15.0.28010.2026
MinimumVisualStudioVersion = 10.0.40219.1
Project("{FAE04EC0-301F-11D3-BF4B-00C04F79EFBC}") = "WebApiSource", "WebApiSource\WebApiSource.csproj", "{ED41D09C-ED2C-45AF-9D6F-2C5155431BCD}"
EndProject
Global
	GlobalSection(SolutionConfigurationPlatforms) = preSolution
		Debug|Any CPU = Debug|Any CPU
		Release|Any CPU = Release|Any CPU
	EndGlobalSection
	GlobalSection(ProjectConfigurationPlatforms) = postSolution
		{ED41D09C-ED2C-45AF-9D6F-2C5155431BCD}.Debug|Any CPU.ActiveCfg = Debug|Any CPU
		{ED41D09C-ED2C-45AF-9D6F-2C5155431BCD}.Debug|Any CPU.Build.0 = Debug|Any CPU
		{ED41D09C-ED2C-45AF-9D6F-2C5155431BCD}.Release|Any CPU.ActiveCfg = Release|Any CPU
		{ED41D09C-ED2C-45AF-9D6F-2C5155431BCD}.Release|Any CPU.Build.0 = Release|Any CPU
	EndGlobalSection
	GlobalSection(SolutionProperties) = preSolution
		HideSolutionNode = FALSE
	EndGlobalSection
	GlobalSection(ExtensibilityGlobals) = postSolution
		SolutionGuid = {D52920EA-E863-4E73-B2D2-A1D36BC88FED}
	EndGlobalSection
EndGlobal
